
Microsoft Visual Studio Solution File, Format Version 12.00
# Visual Studio Version 17
VisualStudioVersion = 17.0.31912.275
MinimumVisualStudioVersion = 10.0.40219.1
Project("{FAE04EC0-301F-11D3-BF4B-00C04F79EFBC}") = "startup1", "startup1.csproj", "{080003C6-A9A1-4BCA-8E39-446494968065}"
EndProject
Global
	GlobalSection(SolutionConfigurationPlatforms) = preSolution
		Debug|Any CPU = Debug|Any CPU
		Release|Any CPU = Release|Any CPU
	EndGlobalSection
	GlobalSection(ProjectConfigurationPlatforms) = postSolution
		{080003C6-A9A1-4BCA-8E39-446494968065}.Debug|Any CPU.ActiveCfg = Debug|Any CPU
		{080003C6-A9A1-4BCA-8E39-446494968065}.Debug|Any CPU.Build.0 = Debug|Any CPU
		{080003C6-A9A1-4BCA-8E39-446494968065}.Release|Any CPU.ActiveCfg = Release|Any CPU
		{080003C6-A9A1-4BCA-8E39-446494968065}.Release|Any CPU.Build.0 = Release|Any CPU
	EndGlobalSection
	GlobalSection(SolutionProperties) = preSolution
		HideSolutionNode = FALSE
	EndGlobalSection
	GlobalSection(ExtensibilityGlobals) = postSolution
		SolutionGuid = {4DB4E0A6-73A5-4240-9158-D91C86D8E7ED}
	EndGlobalSection
EndGlobal
